
Microsoft Visual Studio Solution File, Format Version 12.00
# Visual Studio Version 16
VisualStudioVersion = 16.0.33027.164
MinimumVisualStudioVersion = 10.0.40219.1
Project("{FAE04EC0-301F-11D3-BF4B-00C04F79EFBC}") = "Linkedlistbaby", "Linkedlistbaby\Linkedlistbaby.csproj", "{D1AC287D-D980-45DC-B4E1-6B9C336AD5C5}"
EndProject
Global
	GlobalSection(SolutionConfigurationPlatforms) = preSolution
		Debug|Any CPU = Debug|Any CPU
		Release|Any CPU = Release|Any CPU
	EndGlobalSection
	GlobalSection(ProjectConfigurationPlatforms) = postSolution
		{D1AC287D-D980-45DC-B4E1-6B9C336AD5C5}.Debug|Any CPU.ActiveCfg = Debug|Any CPU
		{D1AC287D-D980-45DC-B4E1-6B9C336AD5C5}.Debug|Any CPU.Build.0 = Debug|Any CPU
		{D1AC287D-D980-45DC-B4E1-6B9C336AD5C5}.Release|Any CPU.ActiveCfg = Release|Any CPU
		{D1AC287D-D980-45DC-B4E1-6B9C336AD5C5}.Release|Any CPU.Build.0 = Release|Any CPU
	EndGlobalSection
	GlobalSection(SolutionProperties) = preSolution
		HideSolutionNode = FALSE
	EndGlobalSection
	GlobalSection(ExtensibilityGlobals) = postSolution
		SolutionGuid = {54C7EE5A-C9DD-4C82-8CD3-4029F7F05BB9}
	EndGlobalSection
EndGlobal
